
Microsoft Visual Studio Solution File, Format Version 12.00
# Visual Studio Version 16
VisualStudioVersion = 16.0.29025.244
MinimumVisualStudioVersion = 10.0.40219.1
Project("{FAE04EC0-301F-11D3-BF4B-00C04F79EFBC}") = "Spock_BSDemo", "Spock_BSDemo\Spock_BSDemo.csproj", "{521E3426-62CC-400D-93C3-D62A140E09AF}"
EndProject
Global
	GlobalSection(SolutionConfigurationPlatforms) = preSolution
		Debug|Any CPU = Debug|Any CPU
		Release|Any CPU = Release|Any CPU
	EndGlobalSection
	GlobalSection(ProjectConfigurationPlatforms) = postSolution
		{521E3426-62CC-400D-93C3-D62A140E09AF}.Debug|Any CPU.ActiveCfg = Debug|Any CPU
		{521E3426-62CC-400D-93C3-D62A140E09AF}.Debug|Any CPU.Build.0 = Debug|Any CPU
		{521E3426-62CC-400D-93C3-D62A140E09AF}.Release|Any CPU.ActiveCfg = Release|Any CPU
		{521E3426-62CC-400D-93C3-D62A140E09AF}.Release|Any CPU.Build.0 = Release|Any CPU
	EndGlobalSection
	GlobalSection(SolutionProperties) = preSolution
		HideSolutionNode = FALSE
	EndGlobalSection
	GlobalSection(ExtensibilityGlobals) = postSolution
		SolutionGuid = {AA727357-2E02-48B4-85CD-5145D520C374}
	EndGlobalSection
EndGlobal
